{
  "name": "tanki-wiki-translator",
  "version": "1.0.0",
  "lockfileVersion": 3,
  "requires": true,
  "packages": {
    "": {
      "name": "tanki-wiki-translator",
      "version": "1.0.0",
      "license": "ISC",
      "dependencies": {
        "@vitalets/google-translate-api": "^9.2.0",
        "cheerio": "^1.0.0-rc.12",
        "pluralize": "^8.0.0",
        "puppeteer": "^22.10.0"
      }
    },
    "node_modules/@types/node": {
      "version": "20.14.2",
      "resolved": "https://registry.npmjs.org/@types/node/-/node-20.14.2.tgz",
      "integrity": "sha512-JyLFZxS9299ky1b46svcUgNfaIzycyD1iz44h6+hY_gyue9fYs2E09bBujqDMMdpzI/u2T46s4k+e/zLzGP4Ng==",
      "dependencies": {
        "undici-types": "~5.26.4"
      }
    },
    "node_modules/@vitalets/google-translate-api": {
      "version": "9.2.0",
      "resolved": "https://registry.npmjs.org/@vitalets/google-translate-api/-/google-translate-api-9.2.0.tgz",
      "integrity": "sha512-Sm2sP8kHeryY2+1jgWpcE4vT6xH2sP2j4bQoUX+KTC1C0g4n8LpIdkPWHGjBMnXyI7kvvIeMIM9IkhuYVLKCag==",
      "dependencies": {
        "is-plain-object": "^5.0.0"
      },
      "engines": {
        "node": ">=12.0.0"
      }
    },
    "node_modules/cheerio": {
      "version": "1.0.0-rc.12",
      "resolved": "https://registry.npmjs.org/cheerio/-/cheerio-1.0.0-rc.12.tgz",
      "integrity": "sha512-Um3U/EFgGoK1d4ab12vrdPIuZO+dOpizCxgDtXVPSm2nYEaQzDufFdpkLgXF9D1iRumijTJr2sby9KUpGj/VLA==",
      "dependencies": {
        "cheerio-select": "2.1.0",
        "dom-serializer": "2.0.0",
        "htmlparser2": "8.0.2",
        "parse5": "7.1.2"
      },
      "funding": {
        "url": "https://github.com/sponsors/fb55"
      }
    },
    "node_modules/cheerio-select": {
      "version": "2.1.0",
      "resolved": "https://registry.npmjs.org/cheerio-select/-/cheerio-select-2.1.0.tgz",
      "integrity": "sha512-i2s0vLjgD90fw/2s4vgIwyjBtkRI8x2e1A0Vb3XIj4QeMF205gSIs43OdgL9iQjZQUurcVR4DDOwV45dHYTcqw==",
      "dependencies": {
        "css-select": "5.1.0",
        "css-what": "6.1.0",
        "domhandler": "5.0.3",
        "domutils": "3.1.0"
      },
      "funding": {
        "url": "https://github.com/sponsors/fb55"
      }
    },
    "node_modules/css-select": {
      "version": "5.1.0",
      "resolved": "https://registry.npmjs.org/css-select/-/css-select-5.1.0.tgz",
      "integrity": "sha512-Y_s1Ja64b0FVleGuJWjxCPSdAnjTdVp+52n8/I+2A/+qIqNh0n24g/2iUQEa9cNL9l2ncyy+6xbPy+nKQUBQlg==",
      "dependencies": {
        "boolbase": "^1.0.0",
        "css-what": "^6.1.0",
        "domhandler": "^5.0.3",
        "domutils": "^3.1.0",
        "nth-check": "^2.0.1"
      },
      "funding": {
        "url": "https://github.com/sponsors/fb55"
      }
    },
    "node_modules/css-select/node_modules/boolbase": {
      "version": "1.0.0",
      "resolved": "https://registry.npmjs.org/boolbase/-/boolbase-1.0.0.tgz",
      "integrity": "sha512-/v/qN582NaT+wXv7LksY/3dYJe+iA8dM2ZKGcZ/qH3SUA5p/1vfLwSOb1nFZEeGTHYv6qYNSCj2E00iV2zYy9g=="
    },
    "node_modules/css-select/node_modules/nth-check": {
      "version": "2.1.1",
      "resolved": "https://registry.npmjs.org/nth-check/-/nth-check-2.1.1.tgz",
      "integrity": "sha512-lqjrjmaBVPaP9533/1g2aaprB2jAsGAcXyVGRxS2D6hcsA2t4rHiXgH0pA8RB9IeC3gGzT0qgrEDg2F83C2Qaw==",
      "dependencies": {
        "boolbase": "^1.0.0"
      },
      "funding": {
        "url": "https://github.com/sponsors/fb55"
      }
    },
    "node_modules/css-what": {
      "version": "6.1.0",
      "resolved": "https://registry.npmjs.org/css-what/-/css-what-6.1.0.tgz",
      "integrity": "sha512-HTUrgJ1dAn12bY23oKog6o8h12MyM+vG43gD1iK6CpgotCIk4E8Yh3G45bepMAg9s26gQ2p/Pcr9rYgaohpEaQ==",
      "engines": {
        "node": ">= 6"
      },
      "funding": {
        "url": "https://github.com/sponsors/fb55"
      }
    },
    "node_modules/dom-serializer": {
      "version": "2.0.0",
      "resolved": "https://registry.npmjs.org/dom-serializer/-/dom-serializer-2.0.0.tgz",
      "integrity": "sha512-w9qfT8d4U2JDk1Bf239Q73qLZi+xKCa+nZRJv5ro3O1tN7sW3z3p/1OQnLSNB0EwuGj2n0w3gM4xicHqXk4vEg==",
      "dependencies": {
        "domhandler": "^5.0.3",
        "domelementtype": "^2.3.0",
        "entities": "^4.5.0"
      },
      "funding": {
        "url": "https://github.com/sponsors/fb55"
      }
    },
    "node_modules/domelementtype": {
      "version": "2.3.0",
      "resolved": "https://registry.npmjs.org/domelementtype/-/domelementtype-2.3.0.tgz",
      "integrity": "sha512-OETfPEYesomNe2EcrSTsxTEIckT1D3U4kZoa0i01dM9fWx2g0SGBsS2i2b4BpeYI32v2iG/Hjac1J22a2fF/BA==",
      "funding": [
        {
          "type": "github",
          "url": "https://github.com/sponsors/fb55"
        }
      ]
    },
    "node_modules/domhandler": {
      "version": "5.0.3",
      "resolved": "https://registry.npmjs.org/domhandler/-/domhandler-5.0.3.tgz",
      "integrity": "sha512-VeKkPyQarC0gL3+iab+jflMKNZJd+fHnxK1B2nThp7f+S1s+B9YGZCRi4aQ2fTaNguo5s2i3PU2sN2tG/8W3HQ==",
      "dependencies": {
        "domelementtype": "^2.3.0"
      },
      "engines": {
        "node": ">= 4"
      },
      "funding": {
        "url": "https://github.com/sponsors/fb55"
      }
    },
    "node_modules/domutils": {
      "version": "3.1.0",
      "resolved": "https://registry.npmjs.org/domutils/-/domutils-3.1.0.tgz",
      "integrity": "sha512-W4wNAj8YIKLwG2kPLs2M1u4wR9/6uRZ2P2e02rCRs7i8CVQtmk/1e3mK4K2uHfw1K5vLelRx+SoddqPvCFgnGA==",
      "dependencies": {
        "dom-serializer": "^2.0.0",
        "domelementtype": "^2.3.0",
        "domhandler": "^5.0.3"
      },
      "funding": {
        "url": "https://github.com/sponsors/fb55"
      }
    },
    "node_modules/entities": {
      "version": "4.5.0",
      "resolved": "https://registry.npmjs.org/entities/-/entities-4.5.0.tgz",
      "integrity": "sha512-V0c4KX5goLdssM2p39vBicL2Xz42b26DZbxAI339eO3TvtYOhNt4zxk9+sR0a2DtfisAc2sSozK3Ylg0K649+w==",
      "engines": {
        "node": ">=0.12"
      },
      "funding": {
        "url": "https://github.com/sponsors/fb55"
      }
    },
    "node_modules/htmlparser2": {
      "version": "8.0.2",
      "resolved": "https://registry.npmjs.org/htmlparser2/-/htmlparser2-8.0.2.tgz",
      "integrity": "sha512-IExi2OZMvI9sYg+jpLbfj9iK2J7s4ubi9/s2ASsLanVbCEe4Tj3rBeuLwcpEGISv8MXwCMT0h149pC/zCgVzTQ==",
      "dependencies": {
        "domelementtype": "^2.3.0",
        "domhandler": "^5.0.3",
        "domutils": "^3.1.0",
        "entities": "^4.5.0"
      },
      "funding": {
        "url": "https://github.com/sponsors/fb55"
      }
    },
    "node_modules/is-plain-object": {
      "version": "5.0.0",
      "resolved": "https://registry.npmjs.org/is-plain-object/-/is-plain-object-5.0.0.tgz",
      "integrity": "sha512-FxZg4nI2yGag7l4UveN1v2lt2+AqYwIeT3tT2v2h21kpHy+4I3M37v3FyU45SSusn/Ea9iA9Lz0a+s4zDRgH+w==",
      "engines": {
        "node": ">=0.10.0"
      }
    },
    "node_modules/parse5": {
      "version": "7.1.2",
      "resolved": "https://registry.npmjs.org/parse5/-/parse5-7.1.2.tgz",
      "integrity": "sha512-I4UvJCu3g32FWt3Imsy1i02hAXxK1gC/YyYp6sMv+aRjC+uP9MgYpmEXg5vGg9T3M1N1qj+yVb5WvjS3EwIDAQ==",
      "dependencies": {
        "entities": "^4.5.0"
      },
      "engines": {
        "node": ">=12.0.0"
      }
    },
    "node_modules/pluralize": {
      "version": "8.0.0",
      "resolved": "https://registry.npmjs.org/pluralize/-/pluralize-8.0.0.tgz",
      "integrity": "sha512-Nc3IT5yHzflTfbjgqWcCPphASpwvNo2UW5mpPD3n/5Vo/B5vIFvI42dW8kGgtCJgqpc92dFMMqPcnbIFP3nszg==",
      "engines": {
        "node": ">=4"
      }
    },
    "node_modules/puppeteer": {
      "version": "22.10.0",
      "resolved": "https://registry.npmjs.org/puppeteer/-/puppeteer-22.10.0.tgz",
      "integrity": "sha512-G+l7iK1Wpvo1aC36S1eEALVk6xJm0kF3hguzyvavVvOHWroqRj7/1qC/P0+1aqaqHh7/dqa524iXHCU/ZJbIpg==",
      "dependencies": {
        "puppeteer-core": "22.10.0"
      },
      "engines": {
        "node": ">=18.17.0"
      }
    },
    "node_modules/puppeteer-core": {
      "version": "22.10.0",
      "resolved": "https://registry.npmjs.org/puppeteer-core/-/puppeteer-core-22.10.0.tgz",
      "integrity": "sha512-Y3U4sGAkS0M2j26g53YcW5Yl0mK5KshkU+evxTcFhP0i+kGzGg1yC0d/vQE9eDkE3qXwzDq8sT2u600k4qjWw==",
      "dependencies": {
        "@types/node": "20.14.2",
        "ws": "8.17.0"
      },
      "engines": {
        "node": ">=18.17.0"
      }
    },
    "node_modules/undici-types": {
      "version": "5.26.5",
      "resolved": "https://registry.npmjs.org/undici-types/-/undici-types-5.26.5.tgz",
      "integrity": "sha512-JlCMO+ehdEIKqlFxk6IfVoAUVmgz7Uv7wz+ssU3tKLn7w0e29hHagAxMWBIMm0SO4MvrYAUgBosAZLKqqAavGw=="
    },
    "node_modules/ws": {
      "version": "8.17.0",
      "resolved": "https://registry.npmjs.org/ws/-/ws-8.17.0.tgz",
      "integrity": "sha512-3o7V6yBCa95x2iAZ15k1xT12LE5tZ5Fvp8k0152x4jC0qGz60vtYtxa8g02Iu4m8I1D3oT2z+aNfgfvyc19cQ==",
      "engines": {
        "node": ">=10.0.0"
      },
      "peerDependencies": {
        "bufferutil": "^4.0.1",
        "utf-8-validate": ">=5.0.2"
      },
      "peerDependenciesMeta": {
        "bufferutil": {
          "optional": true
        },
        "utf-8-validate": {
          "optional": true
        }
      }
    }
  }
}
